<?xml version="1.0" encoding="utf-8"?>
<Project ToolsVersion="4.0" xmlns="http://schemas.microsoft.com/developer/msbuild/2003">
  <ItemGroup>
    <Filter Include="Source Files">
      <UniqueIdentifier>{4FC737F1-C7A5-4376-A066-2A32D752A2FF}</UniqueIdentifier>
      <Extensions>cpp;c;cc;cxx;def;odl;idl;hpj;bat;asm;asmx</Extensions>
    </Filter>
    <Filter Include="Header Files">
      <UniqueIdentifier>{93995380-89BD-4b04-88EB-625FBE52EBFB}</UniqueIdentifier>
      <Extensions>h;hh;hpp;hxx;hm;inl;inc;xsd</Extensions>
    </Filter>
    <Filter Include="Resource Files">
      <UniqueIdentifier>{67DA6AB6-F800-4c08-8B7A-83BB121AAD01}</UniqueIdentifier>
      <Extensions>rc;ico;cur;bmp;dlg;rc2;rct;bin;rgs;gif;jpg;jpeg;jpe;resx;tiff;tif;png;wav;mfcribbon-ms</Extensions>
    </Filter>
    <Filter Include="Source Files\Loaders">
      <UniqueIdentifier>{8e882956-3d7e-4ac4-805d-e1a334520186}</UniqueIdentifier>
    </Filter>
    <Filter Include="Header Files\Constants">
      <UniqueIdentifier>{6e76c964-8bf4-4daf-953e-f8cf46e5883e}</UniqueIdentifier>
    </Filter>
    <Filter Include="Header Files\LoadersAndBuilders">
      <UniqueIdentifier>{e1f8f203-f6fb-4679-928b-0047bf70de3c}</UniqueIdentifier>
    </Filter>
    <Filter Include="Header Files\Utilities">
      <UniqueIdentifier>{0ae4fb2f-5e50-4e78-99f7-b8cbf9096ebc}</UniqueIdentifier>
    </Filter>
    <Filter Include="Source Files\Utilities">
      <UniqueIdentifier>{d987b6e4-fac4-484f-b8d7-eb381a015dcd}</UniqueIdentifier>
    </Filter>
  </ItemGroup>
  <ItemGroup>
    <ClCompile Include="DirectXing.cpp">
      <Filter>Source Files</Filter>
    </ClCompile>
    <ClCompile Include="DiretXController\BaseApp.cpp">
      <Filter>Source Files</Filter>
    </ClCompile>
    <ClCompile Include="Utilities\GameTimer.cpp">
      <Filter>Source Files</Filter>
    </ClCompile>
    <ClCompile Include="Utilities\MathHelper.cpp">
      <Filter>Source Files</Filter>
    </ClCompile>
    <ClCompile Include="FrameResource.cpp">
      <Filter>Source Files</Filter>
    </ClCompile>
    <ClCompile Include="Models\GeometryGenerator.cpp">
      <Filter>Source Files</Filter>
    </ClCompile>
    <ClCompile Include="Models\Camera.cpp">
      <Filter>Source Files</Filter>
    </ClCompile>
    <ClCompile Include="DirectXController\Texture.cpp">
      <Filter>Source Files</Filter>
    </ClCompile>
    <ClCompile Include="Loaders\TextureLoader.cpp">
      <Filter>Source Files\Loaders</Filter>
    </ClCompile>
    <ClCompile Include="ext\DDSTextureLoader.cpp">
      <Filter>Source Files\Loaders</Filter>
    </ClCompile>
    <ClCompile Include="Loaders\MaterialLoader.cpp">
      <Filter>Source Files\Loaders</Filter>
    </ClCompile>
    <ClCompile Include="Loaders\GeometryLoader.cpp">
      <Filter>Source Files\Loaders</Filter>
    </ClCompile>
    <ClCompile Include="Loaders\PSOBuilder.cpp">
      <Filter>Source Files\Loaders</Filter>
    </ClCompile>
    <ClCompile Include="Loaders\RenderItemBuilder.cpp">
      <Filter>Source Files\Loaders</Filter>
    </ClCompile>
    <ClCompile Include="Loaders\DescriptorHeapBuilder.cpp">
      <Filter>Source Files\Loaders</Filter>
    </ClCompile>
    <ClCompile Include="Models\ShadowMap.cpp">
      <Filter>Source Files</Filter>
    </ClCompile>
    <ClCompile Include="Loaders\ShadersLoader.cpp">
      <Filter>Source Files\Loaders</Filter>
    </ClCompile>
    <ClCompile Include="Models\SSAmbientOclusion.cpp">
      <Filter>Source Files</Filter>
    </ClCompile>
    <ClCompile Include="DirectXController\Samplers.cpp">
      <Filter>Source Files</Filter>
    </ClCompile>
    <ClCompile Include="Utilities\DirectXUtilities.cpp">
      <Filter>Source Files\Utilities</Filter>
    </ClCompile>
    <ClCompile Include="Utilities\SHUtils.cpp">
      <Filter>Source Files</Filter>
    </ClCompile>
  </ItemGroup>
  <ItemGroup>
    <ClInclude Include="DirectXController\BaseApp.h">
      <Filter>Header Files</Filter>
    </ClInclude>
    <ClInclude Include="Utilities\GameTimer.h">
      <Filter>Header Files</Filter>
    </ClInclude>
    <ClInclude Include="Utilities\MathHelper.h">
      <Filter>Header Files</Filter>
    </ClInclude>
    <ClInclude Include="DirectXing.h">
      <Filter>Header Files</Filter>
    </ClInclude>
    <ClInclude Include="DirectXController\RenderItem.h">
      <Filter>Header Files</Filter>
    </ClInclude>
    <ClInclude Include="Models\GeometryGenerator.h">
      <Filter>Header Files</Filter>
    </ClInclude>
    <ClInclude Include="DirectXController\DirVertex.h">
      <Filter>Header Files</Filter>
    </ClInclude>
    <ClInclude Include="Models\Camera.h">
      <Filter>Header Files</Filter>
    </ClInclude>
    <ClInclude Include="DirectXController\Material.h">
      <Filter>Header Files</Filter>
    </ClInclude>
    <ClInclude Include="..\Utilities\Submesh.h">
      <Filter>Header Files</Filter>
    </ClInclude>
    <ClInclude Include="..\Utilities\Texture.h">
      <Filter>Header Files</Filter>
    </ClInclude>
    <ClInclude Include="..\Utilities\Light.h">
      <Filter>Header Files</Filter>
    </ClInclude>
    <ClInclude Include="..\Utilities\MeshGeometry.h">
      <Filter>Header Files</Filter>
    </ClInclude>
    <ClInclude Include="..\Utilities\Samplers.h">
      <Filter>Header Files</Filter>
    </ClInclude>
    <ClInclude Include="Loaders\TextureLoader.h">
      <Filter>Header Files\LoadersAndBuilders</Filter>
    </ClInclude>
    <ClInclude Include="ext\DDSTextureLoader.h">
      <Filter>Header Files\LoadersAndBuilders</Filter>
    </ClInclude>
    <ClInclude Include="DirectXController\Constants\ObjectConstants.h">
      <Filter>Header Files\Constants</Filter>
    </ClInclude>
    <ClInclude Include="DirectXController\Constants\PassConstants.h">
      <Filter>Header Files\Constants</Filter>
    </ClInclude>
    <ClInclude Include="DirectXController\Constants\MaterialConstants.h">
      <Filter>Header Files\Constants</Filter>
    </ClInclude>
    <ClInclude Include="DirectXController\RenderLayer.h">
      <Filter>Header Files\Constants</Filter>
    </ClInclude>
    <ClInclude Include="DirectXController\FrameResource.h">
      <Filter>Header Files\Constants</Filter>
    </ClInclude>
    <ClInclude Include="Loaders\MaterialLoader.h">
      <Filter>Header Files\LoadersAndBuilders</Filter>
    </ClInclude>
    <ClInclude Include="Loaders\GeometryLoader.h">
      <Filter>Header Files\LoadersAndBuilders</Filter>
    </ClInclude>
    <ClInclude Include="DirectXController\Constants\ConfigConstants.h">
      <Filter>Header Files\Constants</Filter>
    </ClInclude>
    <ClInclude Include="Loaders\RenderItemBuilder.h">
      <Filter>Header Files\LoadersAndBuilders</Filter>
    </ClInclude>
    <ClInclude Include="Models\ShadowMap.h">
      <Filter>Header Files</Filter>
    </ClInclude>
    <ClInclude Include="Loaders\ShadersLoader.h">
      <Filter>Header Files\LoadersAndBuilders</Filter>
    </ClInclude>
    <ClInclude Include="DirectXController\UploadBuffer.h">
      <Filter>Resource Files</Filter>
    </ClInclude>
    <ClInclude Include="Models\SSAmbientOclusion.h">
      <Filter>Header Files</Filter>
    </ClInclude>
    <ClInclude Include="DirectXController\Constants\AmbientOcclusionConstants.h">
      <Filter>Header Files\Constants</Filter>
    </ClInclude>
    <ClInclude Include="Utilities\DirectXUtilities.h">
      <Filter>Header Files\Utilities</Filter>
    </ClInclude>
    <ClInclude Include="Utilities\SHUtils.h">
      <Filter>Header Files</Filter>
    </ClInclude>
  </ItemGroup>
</Project>